// !$*UTF8*$!
{
	archiveVersion = 1;
	classes = {
	};
	objectVersion = 56;
	objects = {

/* Begin PBXBuildFile section */
		AD3091022B8786C0007B44E7 /* RealityKitContent in Frameworks */ = {isa = PBXBuildFile; productRef = AD3091012B8786C0007B44E7 /* RealityKitContent */; };
		AD3091042B8786C0007B44E7 /* VisionAppApp.swift in Sources */ = {isa = PBXBuildFile; fileRef = AD3091032B8786C0007B44E7 /* VisionAppApp.swift */; };
		AD30910A2B8786C2007B44E7 /* Assets.xcassets in Resources */ = {isa = PBXBuildFile; fileRef = AD3091092B8786C2007B44E7 /* Assets.xcassets */; };
		AD3091182B8786C2007B44E7 /* VisionAppTests.swift in Sources */ = {isa = PBXBuildFile; fileRef = AD3091172B8786C2007B44E7 /* VisionAppTests.swift */; };
		AD4C30032B8A6D1C00EC9930 /* ImageScanner.swift in Sources */ = {isa = PBXBuildFile; fileRef = AD4C30022B8A6D1C00EC9930 /* ImageScanner.swift */; };
/* End PBXBuildFile section */

/* Begin PBXContainerItemProxy section */
		AD3091142B8786C2007B44E7 /* PBXContainerItemProxy */ = {
			isa = PBXContainerItemProxy;
			containerPortal = AD3090F42B8786C0007B44E7 /* Project object */;
			proxyType = 1;
			remoteGlobalIDString = AD3090FB2B8786C0007B44E7;
			remoteInfo = VisionApp;
		};
/* End PBXContainerItemProxy section */

/* Begin PBXFileReference section */
		AD3090FC2B8786C0007B44E7 /* VisionApp.app */ = {isa = PBXFileReference; explicitFileType = wrapper.application; includeInIndex = 0; path = VisionApp.app; sourceTree = BUILT_PRODUCTS_DIR; };
		AD3091002B8786C0007B44E7 /* RealityKitContent */ = {isa = PBXFileReference; lastKnownFileType = wrapper; path = RealityKitContent; sourceTree = "<group>"; };
		AD3091032B8786C0007B44E7 /* VisionAppApp.swift */ = {isa = PBXFileReference; lastKnownFileType = sourcecode.swift; path = VisionAppApp.swift; sourceTree = "<group>"; };
		AD3091092B8786C2007B44E7 /* Assets.xcassets */ = {isa = PBXFileReference; lastKnownFileType = folder.assetcatalog; path = Assets.xcassets; sourceTree = "<group>"; };
		AD30910E2B8786C2007B44E7 /* Info.plist */ = {isa = PBXFileReference; lastKnownFileType = text.plist.xml; path = Info.plist; sourceTree = "<group>"; };
		AD3091132B8786C2007B44E7 /* VisionAppTests.xctest */ = {isa = PBXFileReference; explicitFileType = wrapper.cfbundle; includeInIndex = 0; path = VisionAppTests.xctest; sourceTree = BUILT_PRODUCTS_DIR; };
		AD3091172B8786C2007B44E7 /* VisionAppTests.swift */ = {isa = PBXFileReference; lastKnownFileType = sourcecode.swift; path = VisionAppTests.swift; sourceTree = "<group>"; };
		AD4C30022B8A6D1C00EC9930 /* ImageScanner.swift */ = {isa = PBXFileReference; lastKnownFileType = sourcecode.swift; path = ImageScanner.swift; sourceTree = "<group>"; };
/* End PBXFileReference section */

/* Begin PBXFrameworksBuildPhase section */
		AD3090F92B8786C0007B44E7 /* Frameworks */ = {
			isa = PBXFrameworksBuildPhase;
			buildActionMask = 2147483647;
			files = (
				AD3091022B8786C0007B44E7 /* RealityKitContent in Frameworks */,
			);
			runOnlyForDeploymentPostprocessing = 0;
		};
		AD3091102B8786C2007B44E7 /* Frameworks */ = {
			isa = PBXFrameworksBuildPhase;
			buildActionMask = 2147483647;
			files = (
			);
			runOnlyForDeploymentPostprocessing = 0;
		};
/* End PBXFrameworksBuildPhase section */

/* Begin PBXGroup section */
		AD3090F32B8786C0007B44E7 = {
			isa = PBXGroup;
			children = (
				AD3090FE2B8786C0007B44E7 /* VisionApp */,
				AD3090FF2B8786C0007B44E7 /* Packages */,
				AD3091162B8786C2007B44E7 /* VisionAppTests */,
				AD3090FD2B8786C0007B44E7 /* Products */,
			);
			sourceTree = "<group>";
		};
		AD3090FD2B8786C0007B44E7 /* Products */ = {
			isa = PBXGroup;
			children = (
				AD3090FC2B8786C0007B44E7 /* VisionApp.app */,
				AD3091132B8786C2007B44E7 /* VisionAppTests.xctest */,
			);
			name = Products;
			sourceTree = "<group>";
		};
		AD3090FE2B8786C0007B44E7 /* VisionApp */ = {
			isa = PBXGroup;
			children = (
				AD4C30022B8A6D1C00EC9930 /* ImageScanner.swift */,
				AD3091032B8786C0007B44E7 /* VisionAppApp.swift */,
				AD3091092B8786C2007B44E7 /* Assets.xcassets */,
				AD30910E2B8786C2007B44E7 /* Info.plist */,
			);
			path = VisionApp;
			sourceTree = "<group>";
		};
		AD3090FF2B8786C0007B44E7 /* Packages */ = {
			isa = PBXGroup;
			children = (
				AD3091002B8786C0007B44E7 /* RealityKitContent */,
			);
			path = Packages;
			sourceTree = "<group>";
		};
		AD3091162B8786C2007B44E7 /* VisionAppTests */ = {
			isa = PBXGroup;
			children = (
				AD3091172B8786C2007B44E7 /* VisionAppTests.swift */,
			);
			path = VisionAppTests;
			sourceTree = "<group>";
		};
/* End PBXGroup section */

/* Begin PBXNativeTarget section */
		AD3090FB2B8786C0007B44E7 /* VisionApp */ = {
			isa = PBXNativeTarget;
			buildConfigurationList = AD30911B2B8786C2007B44E7 /* Build configuration list for PBXNativeTarget "VisionApp" */;
			buildPhases = (
				AD3090F82B8786C0007B44E7 /* Sources */,
				AD3090F92B8786C0007B44E7 /* Frameworks */,
				AD3090FA2B8786C0007B44E7 /* Resources */,
			);
			buildRules = (
			);
			dependencies = (
			);
			name = VisionApp;
			packageProductDependencies = (
				AD3091012B8786C0007B44E7 /* RealityKitContent */,
			);
			productName = VisionApp;
			productReference = AD3090FC2B8786C0007B44E7 /* VisionApp.app */;
			productType = "com.apple.product-type.application";
		};
		AD3091122B8786C2007B44E7 /* VisionAppTests */ = {
			isa = PBXNativeTarget;
			buildConfigurationList = AD30911E2B8786C2007B44E7 /* Build configuration list for PBXNativeTarget "VisionAppTests" */;
			buildPhases = (
				AD30910F2B8786C2007B44E7 /* Sources */,
				AD3091102B8786C2007B44E7 /* Frameworks */,
				AD3091112B8786C2007B44E7 /* Resources */,
			);
			buildRules = (
			);
			dependencies = (
				AD3091152B8786C2007B44E7 /* PBXTargetDependency */,
			);
			name = VisionAppTests;
			productName = VisionAppTests;
			productReference = AD3091132B8786C2007B44E7 /* VisionAppTests.xctest */;
			productType = "com.apple.product-type.bundle.unit-test";
		};
/* End PBXNativeTarget section */

/* Begin PBXProject section */
		AD3090F42B8786C0007B44E7 /* Project object */ = {
			isa = PBXProject;
			attributes = {
				BuildIndependentTargetsInParallel = 1;
				LastSwiftUpdateCheck = 1520;
				LastUpgradeCheck = 1520;
				TargetAttributes = {
					AD3090FB2B8786C0007B44E7 = {
						CreatedOnToolsVersion = 15.2;
					};
					AD3091122B8786C2007B44E7 = {
						CreatedOnToolsVersion = 15.2;
						TestTargetID = AD3090FB2B8786C0007B44E7;
					};
				};
			};
			buildConfigurationList = AD3090F72B8786C0007B44E7 /* Build configuration list for PBXProject "VisionApp" */;
			compatibilityVersion = "Xcode 14.0";
			developmentRegion = en;
			hasScannedForEncodings = 0;
			knownRegions = (
				en,
				Base,
			);
			mainGroup = AD3090F32B8786C0007B44E7;
			productRefGroup = AD3090FD2B8786C0007B44E7 /* Products */;
			projectDirPath = "";
			projectRoot = "";
			targets = (
				AD3090FB2B8786C0007B44E7 /* VisionApp */,
				AD3091122B8786C2007B44E7 /* VisionAppTests */,
			);
		};
/* End PBXProject section */

/* Begin PBXResourcesBuildPhase section */
		AD3090FA2B8786C0007B44E7 /* Resources */ = {
			isa = PBXResourcesBuildPhase;
			buildActionMask = 2147483647;
			files = (
				AD30910A2B8786C2007B44E7 /* Assets.xcassets in Resources */,
			);
			runOnlyForDeploymentPostprocessing = 0;
		};
		AD3091112B8786C2007B44E7 /* Resources */ = {
			isa = PBXResourcesBuildPhase;
			buildActionMask = 2147483647;
			files = (
			);
			runOnlyForDeploymentPostprocessing = 0;
		};
/* End PBXResourcesBuildPhase section */

/* Begin PBXSourcesBuildPhase section */
		AD3090F82B8786C0007B44E7 /* Sources */ = {
			isa = PBXSourcesBuildPhase;
			buildActionMask = 2147483647;
			files = (
				AD4C30032B8A6D1C00EC9930 /* ImageScanner.swift in Sources */,
				AD3091042B8786C0007B44E7 /* VisionAppApp.swift in Sources */,
			);
			runOnlyForDeploymentPostprocessing = 0;
		};
		AD30910F2B8786C2007B44E7 /* Sources */ = {
			isa = PBXSourcesBuildPhase;
			buildActionMask = 2147483647;
			files = (
				AD3091182B8786C2007B44E7 /* VisionAppTests.swift in Sources */,
			);
			runOnlyForDeploymentPostprocessing = 0;
		};
/* End PBXSourcesBuildPhase section */

/* Begin PBXTargetDependency section */
		AD3091152B8786C2007B44E7 /* PBXTargetDependency */ = {
			isa = PBXTargetDependency;
			target = AD3090FB2B8786C0007B44E7 /* VisionApp */;
			targetProxy = AD3091142B8786C2007B44E7 /* PBXContainerItemProxy */;
		};
/* End PBXTargetDependency section */

/* Begin XCBuildConfiguration section */
		AD3091192B8786C2007B44E7 /* Debug */ = {
			isa = XCBuildConfiguration;
			buildSettings = {
				ALWAYS_SEARCH_USER_PATHS = NO;
				ASSETCATALOG_COMPILER_GENERATE_SWIFT_ASSET_SYMBOL_EXTENSIONS = YES;
				CLANG_ANALYZER_NONNULL = YES;
				CLANG_ANALYZER_NUMBER_OBJECT_CONVERSION = YES_AGGRESSIVE;
				CLANG_CXX_LANGUAGE_STANDARD = "gnu++20";
				CLANG_ENABLE_MODULES = YES;
				CLANG_ENABLE_OBJC_ARC = YES;
				CLANG_ENABLE_OBJC_WEAK = YES;
				CLANG_WARN_BLOCK_CAPTURE_AUTORELEASING = YES;
				CLANG_WARN_BOOL_CONVERSION = YES;
				CLANG_WARN_COMMA = YES;
				CLANG_WARN_CONSTANT_CONVERSION = YES;
				CLANG_WARN_DEPRECATED_OBJC_IMPLEMENTATIONS = YES;
				CLANG_WARN_DIRECT_OBJC_ISA_USAGE = YES_ERROR;
				CLANG_WARN_DOCUMENTATION_COMMENTS = YES;
				CLANG_WARN_EMPTY_BODY = YES;
				CLANG_WARN_ENUM_CONVERSION = YES;
				CLANG_WARN_INFINITE_RECURSION = YES;
				CLANG_WARN_INT_CONVERSION = YES;
				CLANG_WARN_NON_LITERAL_NULL_CONVERSION = YES;
				CLANG_WARN_OBJC_IMPLICIT_RETAIN_SELF = YES;
				CLANG_WARN_OBJC_LITERAL_CONVERSION = YES;
				CLANG_WARN_OBJC_ROOT_CLASS = YES_ERROR;
				CLANG_WARN_QUOTED_INCLUDE_IN_FRAMEWORK_HEADER = YES;
				CLANG_WARN_RANGE_LOOP_ANALYSIS = YES;
				CLANG_WARN_STRICT_PROTOTYPES = YES;
				CLANG_WARN_SUSPICIOUS_MOVE = YES;
				CLANG_WARN_UNGUARDED_AVAILABILITY = YES_AGGRESSIVE;
				CLANG_WARN_UNREACHABLE_CODE = YES;
				CLANG_WARN__DUPLICATE_METHOD_MATCH = YES;
				COPY_PHASE_STRIP = NO;
				DEBUG_INFORMATION_FORMAT = dwarf;
				ENABLE_STRICT_OBJC_MSGSEND = YES;
				ENABLE_TESTABILITY = YES;
				ENABLE_USER_SCRIPT_SANDBOXING = YES;
				GCC_C_LANGUAGE_STANDARD = gnu17;
				GCC_DYNAMIC_NO_PIC = NO;
				GCC_NO_COMMON_BLOCKS = YES;
				GCC_OPTIMIZATION_LEVEL = 0;
				GCC_PREPROCESSOR_DEFINITIONS = (
					"DEBUG=1",
					"$(inherited)",
				);
				GCC_WARN_64_TO_32_BIT_CONVERSION = YES;
				GCC_WARN_ABOUT_RETURN_TYPE = YES_ERROR;
				GCC_WARN_UNDECLARED_SELECTOR = YES;
				GCC_WARN_UNINITIALIZED_AUTOS = YES_AGGRESSIVE;
				GCC_WARN_UNUSED_FUNCTION = YES;
				GCC_WARN_UNUSED_VARIABLE = YES;
				LOCALIZATION_PREFERS_STRING_CATALOGS = YES;
				MTL_ENABLE_DEBUG_INFO = INCLUDE_SOURCE;
				MTL_FAST_MATH = YES;
				ONLY_ACTIVE_ARCH = YES;
				SDKROOT = xros;
				SWIFT_ACTIVE_COMPILATION_CONDITIONS = "DEBUG $(inherited)";
				SWIFT_OPTIMIZATION_LEVEL = "-Onone";
				XROS_DEPLOYMENT_TARGET = 1.0;
			};
			name = Debug;
		};
		AD30911A2B8786C2007B44E7 /* Release */ = {
			isa = XCBuildConfiguration;
			buildSettings = {
				ALWAYS_SEARCH_USER_PATHS = NO;
				ASSETCATALOG_COMPILER_GENERATE_SWIFT_ASSET_SYMBOL_EXTENSIONS = YES;
				CLANG_ANALYZER_NONNULL = YES;
				CLANG_ANALYZER_NUMBER_OBJECT_CONVERSION = YES_AGGRESSIVE;
				CLANG_CXX_LANGUAGE_STANDARD = "gnu++20";
				CLANG_ENABLE_MODULES = YES;
				CLANG_ENABLE_OBJC_ARC = YES;
				CLANG_ENABLE_OBJC_WEAK = YES;
				CLANG_WARN_BLOCK_CAPTURE_AUTORELEASING = YES;
				CLANG_WARN_BOOL_CONVERSION = YES;
				CLANG_WARN_COMMA = YES;
				CLANG_WARN_CONSTANT_CONVERSION = YES;
				CLANG_WARN_DEPRECATED_OBJC_IMPLEMENTATIONS = YES;
				CLANG_WARN_DIRECT_OBJC_ISA_USAGE = YES_ERROR;
				CLANG_WARN_DOCUMENTATION_COMMENTS = YES;
				CLANG_WARN_EMPTY_BODY = YES;
				CLANG_WARN_ENUM_CONVERSION = YES;
				CLANG_WARN_INFINITE_RECURSION = YES;
				CLANG_WARN_INT_CONVERSION = YES;
				CLANG_WARN_NON_LITERAL_NULL_CONVERSION = YES;
				CLANG_WARN_OBJC_IMPLICIT_RETAIN_SELF = YES;
				CLANG_WARN_OBJC_LITERAL_CONVERSION = YES;
				CLANG_WARN_OBJC_ROOT_CLASS = YES_ERROR;
				CLANG_WARN_QUOTED_INCLUDE_IN_FRAMEWORK_HEADER = YES;
				CLANG_WARN_RANGE_LOOP_ANALYSIS = YES;
				CLANG_WARN_STRICT_PROTOTYPES = YES;
				CLANG_WARN_SUSPICIOUS_MOVE = YES;
				CLANG_WARN_UNGUARDED_AVAILABILITY = YES_AGGRESSIVE;
				CLANG_WARN_UNREACHABLE_CODE = YES;
				CLANG_WARN__DUPLICATE_METHOD_MATCH = YES;
				COPY_PHASE_STRIP = NO;
				DEBUG_INFORMATION_FORMAT = "dwarf-with-dsym";
				ENABLE_NS_ASSERTIONS = NO;
				ENABLE_STRICT_OBJC_MSGSEND = YES;
				ENABLE_USER_SCRIPT_SANDBOXING = YES;
				GCC_C_LANGUAGE_STANDARD = gnu17;
				GCC_NO_COMMON_BLOCKS = YES;
				GCC_WARN_64_TO_32_BIT_CONVERSION = YES;
				GCC_WARN_ABOUT_RETURN_TYPE = YES_ERROR;
				GCC_WARN_UNDECLARED_SELECTOR = YES;
				GCC_WARN_UNINITIALIZED_AUTOS = YES_AGGRESSIVE;
				GCC_WARN_UNUSED_FUNCTION = YES;
				GCC_WARN_UNUSED_VARIABLE = YES;
				LOCALIZATION_PREFERS_STRING_CATALOGS = YES;
				MTL_ENABLE_DEBUG_INFO = NO;
				MTL_FAST_MATH = YES;
				SDKROOT = xros;
				SWIFT_COMPILATION_MODE = wholemodule;
				VALIDATE_PRODUCT = YES;
				XROS_DEPLOYMENT_TARGET = 1.0;
			};
			name = Release;
		};
		AD30911C2B8786C2007B44E7 /* Debug */ = {
			isa = XCBuildConfiguration;
			buildSettings = {
				ASSETCATALOG_COMPILER_APPICON_NAME = AppIcon;
				ASSETCATALOG_COMPILER_GLOBAL_ACCENT_COLOR_NAME = AccentColor;
				CODE_SIGN_STYLE = Automatic;
				CURRENT_PROJECT_VERSION = 1;
				DEVELOPMENT_ASSET_PATHS = "\"VisionApp/Preview Content\"";
				ENABLE_PREVIEWS = YES;
				GENERATE_INFOPLIST_FILE = YES;
				INFOPLIST_FILE = "$(TARGET_NAME)/Info.plist";
				LD_RUNPATH_SEARCH_PATHS = (
					"$(inherited)",
					"@executable_path/Frameworks",
				);
				MARKETING_VERSION = 1.0;
				PRODUCT_BUNDLE_IDENTIFIER = com.company.VisionApp;
				PRODUCT_NAME = "$(TARGET_NAME)";
				SUPPORTED_PLATFORMS = "xros xrsimulator";
				SWIFT_EMIT_LOC_STRINGS = YES;
				SWIFT_VERSION = 5.0;
				TARGETED_DEVICE_FAMILY = "1,2,7";
			};
			name = Debug;
		};
		AD30911D2B8786C2007B44E7 /* Release */ = {
			isa = XCBuildConfiguration;
			buildSettings = {
				ASSETCATALOG_COMPILER_APPICON_NAME = AppIcon;
				ASSETCATALOG_COMPILER_GLOBAL_ACCENT_COLOR_NAME = AccentColor;
				CODE_SIGN_STYLE = Automatic;
				CURRENT_PROJECT_VERSION = 1;
				DEVELOPMENT_ASSET_PATHS = "\"VisionApp/Preview Content\"";
				ENABLE_PREVIEWS = YES;
				GENERATE_INFOPLIST_FILE = YES;
				INFOPLIST_FILE = "$(TARGET_NAME)/Info.plist";
				LD_RUNPATH_SEARCH_PATHS = (
					"$(inherited)",
					"@executable_path/Frameworks",
				);
				MARKETING_VERSION = 1.0;
				PRODUCT_BUNDLE_IDENTIFIER = com.company.VisionApp;
				PRODUCT_NAME = "$(TARGET_NAME)";
				SUPPORTED_PLATFORMS = "xros xrsimulator";
				SWIFT_EMIT_LOC_STRINGS = YES;
				SWIFT_VERSION = 5.0;
				TARGETED_DEVICE_FAMILY = "1,2,7";
			};
			name = Release;
		};
		AD30911F2B8786C2007B44E7 /* Debug */ = {
			isa = XCBuildConfiguration;
			buildSettings = {
				ALWAYS_EMBED_SWIFT_STANDARD_LIBRARIES = YES;
				BUNDLE_LOADER = "$(TEST_HOST)";
				CODE_SIGN_STYLE = Automatic;
				CURRENT_PROJECT_VERSION = 1;
				GENERATE_INFOPLIST_FILE = YES;
				MARKETING_VERSION = 1.0;
				PRODUCT_BUNDLE_IDENTIFIER = com.company.VisionAppTests;
				PRODUCT_NAME = "$(TARGET_NAME)";
				SUPPORTED_PLATFORMS = "xros xrsimulator";
				SWIFT_EMIT_LOC_STRINGS = NO;
				SWIFT_VERSION = 5.0;
				TARGETED_DEVICE_FAMILY = "1,2,7";
				TEST_HOST = "$(BUILT_PRODUCTS_DIR)/VisionApp.app/$(BUNDLE_EXECUTABLE_FOLDER_PATH)/VisionApp";
				XROS_DEPLOYMENT_TARGET = 1.0;
			};
			name = Debug;
		};
		AD3091202B8786C2007B44E7 /* Release */ = {
			isa = XCBuildConfiguration;
			buildSettings = {
				ALWAYS_EMBED_SWIFT_STANDARD_LIBRARIES = YES;
				BUNDLE_LOADER = "$(TEST_HOST)";
				CODE_SIGN_STYLE = Automatic;
				CURRENT_PROJECT_VERSION = 1;
				GENERATE_INFOPLIST_FILE = YES;
				MARKETING_VERSION = 1.0;
				PRODUCT_BUNDLE_IDENTIFIER = com.company.VisionAppTests;
				PRODUCT_NAME = "$(TARGET_NAME)";
				SUPPORTED_PLATFORMS = "xros xrsimulator";
				SWIFT_EMIT_LOC_STRINGS = NO;
				SWIFT_VERSION = 5.0;
				TARGETED_DEVICE_FAMILY = "1,2,7";
				TEST_HOST = "$(BUILT_PRODUCTS_DIR)/VisionApp.app/$(BUNDLE_EXECUTABLE_FOLDER_PATH)/VisionApp";
				XROS_DEPLOYMENT_TARGET = 1.0;
			};
			name = Release;
		};
/* End XCBuildConfiguration section */

/* Begin XCConfigurationList section */
		AD3090F72B8786C0007B44E7 /* Build configuration list for PBXProject "VisionApp" */ = {
			isa = XCConfigurationList;
			buildConfigurations = (
				AD3091192B8786C2007B44E7 /* Debug */,
				AD30911A2B8786C2007B44E7 /* Release */,
			);
			defaultConfigurationIsVisible = 0;
			defaultConfigurationName = Release;
		};
		AD30911B2B8786C2007B44E7 /* Build configuration list for PBXNativeTarget "VisionApp" */ = {
			isa = XCConfigurationList;
			buildConfigurations = (
				AD30911C2B8786C2007B44E7 /* Debug */,
				AD30911D2B8786C2007B44E7 /* Release */,
			);
			defaultConfigurationIsVisible = 0;
			defaultConfigurationName = Release;
		};
		AD30911E2B8786C2007B44E7 /* Build configuration list for PBXNativeTarget "VisionAppTests" */ = {
			isa = XCConfigurationList;
			buildConfigurations = (
				AD30911F2B8786C2007B44E7 /* Debug */,
				AD3091202B8786C2007B44E7 /* Release */,
			);
			defaultConfigurationIsVisible = 0;
			defaultConfigurationName = Release;
		};
/* End XCConfigurationList section */

/* Begin XCSwiftPackageProductDependency section */
		AD3091012B8786C0007B44E7 /* RealityKitContent */ = {
			isa = XCSwiftPackageProductDependency;
			productName = RealityKitContent;
		};
/* End XCSwiftPackageProductDependency section */
	};
	rootObject = AD3090F42B8786C0007B44E7 /* Project object */;
}
